
Microsoft Visual Studio Solution File, Format Version 12.00
# Visual Studio Version 16
VisualStudioVersion = 16.0.30804.86
MinimumVisualStudioVersion = 10.0.40219.1
Project("{FAE04EC0-301F-11D3-BF4B-00C04F79EFBC}") = "AzureFunctionApp1", "AzureFunctionApp1\AzureFunctionApp1.csproj", "{5498DC5F-B2D1-4BEE-B94C-043BE4000156}"
EndProject
Global
	GlobalSection(SolutionConfigurationPlatforms) = preSolution
		Debug|Any CPU = Debug|Any CPU
		Release|Any CPU = Release|Any CPU
	EndGlobalSection
	GlobalSection(ProjectConfigurationPlatforms) = postSolution
		{5498DC5F-B2D1-4BEE-B94C-043BE4000156}.Debug|Any CPU.ActiveCfg = Debug|Any CPU
		{5498DC5F-B2D1-4BEE-B94C-043BE4000156}.Debug|Any CPU.Build.0 = Debug|Any CPU
		{5498DC5F-B2D1-4BEE-B94C-043BE4000156}.Release|Any CPU.ActiveCfg = Release|Any CPU
		{5498DC5F-B2D1-4BEE-B94C-043BE4000156}.Release|Any CPU.Build.0 = Release|Any CPU
	EndGlobalSection
	GlobalSection(SolutionProperties) = preSolution
		HideSolutionNode = FALSE
	EndGlobalSection
	GlobalSection(ExtensibilityGlobals) = postSolution
		SolutionGuid = {042B1B5C-C921-4EF9-81EB-BA35070DFB70}
	EndGlobalSection
EndGlobal
